
Microsoft Visual Studio Solution File, Format Version 12.00
# Visual Studio 2013
VisualStudioVersion = 12.0.21005.1
MinimumVisualStudioVersion = 10.0.40219.1
Project("{FAE04EC0-301F-11D3-BF4B-00C04F79EFBC}") = "Viscera", "Viscera\Viscera\Viscera.csproj", "{E594AEB5-3814-47E8-9A22-5AB772293756}"
EndProject
Project("{FAE04EC0-301F-11D3-BF4B-00C04F79EFBC}") = "Viscera.Test.Acceptance", "Viscera\Viscera.Test.Acceptance\Viscera.Test.Acceptance.csproj", "{C044F1FF-2D7E-4409-B21B-09D93C399A49}"
EndProject
Project("{FAE04EC0-301F-11D3-BF4B-00C04F79EFBC}") = "Viscera.Test.Machinery", "Viscera\Viscera.Test.Machinery\Viscera.Test.Machinery.csproj", "{0BD3E99C-FDD5-44B1-9796-494C226688C0}"
EndProject
Project("{FAE04EC0-301F-11D3-BF4B-00C04F79EFBC}") = "Viscera.Test.Unit", "Viscera\Viscera.Test.Unit\Viscera.Test.Unit.csproj", "{53E5CA85-C9C6-42BE-B9F4-8082DB66ABBC}"
EndProject
Global
	GlobalSection(SolutionConfigurationPlatforms) = preSolution
		Debug|Any CPU = Debug|Any CPU
		Release|Any CPU = Release|Any CPU
	EndGlobalSection
	GlobalSection(ProjectConfigurationPlatforms) = postSolution
		{E594AEB5-3814-47E8-9A22-5AB772293756}.Debug|Any CPU.ActiveCfg = Debug|Any CPU
		{E594AEB5-3814-47E8-9A22-5AB772293756}.Debug|Any CPU.Build.0 = Debug|Any CPU
		{E594AEB5-3814-47E8-9A22-5AB772293756}.Release|Any CPU.ActiveCfg = Release|Any CPU
		{E594AEB5-3814-47E8-9A22-5AB772293756}.Release|Any CPU.Build.0 = Release|Any CPU
		{C044F1FF-2D7E-4409-B21B-09D93C399A49}.Debug|Any CPU.ActiveCfg = Debug|Any CPU
		{C044F1FF-2D7E-4409-B21B-09D93C399A49}.Debug|Any CPU.Build.0 = Debug|Any CPU
		{C044F1FF-2D7E-4409-B21B-09D93C399A49}.Release|Any CPU.ActiveCfg = Release|Any CPU
		{C044F1FF-2D7E-4409-B21B-09D93C399A49}.Release|Any CPU.Build.0 = Release|Any CPU
		{0BD3E99C-FDD5-44B1-9796-494C226688C0}.Debug|Any CPU.ActiveCfg = Debug|Any CPU
		{0BD3E99C-FDD5-44B1-9796-494C226688C0}.Debug|Any CPU.Build.0 = Debug|Any CPU
		{0BD3E99C-FDD5-44B1-9796-494C226688C0}.Release|Any CPU.ActiveCfg = Release|Any CPU
		{0BD3E99C-FDD5-44B1-9796-494C226688C0}.Release|Any CPU.Build.0 = Release|Any CPU
		{53E5CA85-C9C6-42BE-B9F4-8082DB66ABBC}.Debug|Any CPU.ActiveCfg = Debug|Any CPU
		{53E5CA85-C9C6-42BE-B9F4-8082DB66ABBC}.Debug|Any CPU.Build.0 = Debug|Any CPU
		{53E5CA85-C9C6-42BE-B9F4-8082DB66ABBC}.Release|Any CPU.ActiveCfg = Release|Any CPU
		{53E5CA85-C9C6-42BE-B9F4-8082DB66ABBC}.Release|Any CPU.Build.0 = Release|Any CPU
	EndGlobalSection
	GlobalSection(SolutionProperties) = preSolution
		HideSolutionNode = FALSE
	EndGlobalSection
EndGlobal
