
Microsoft Visual Studio Solution File, Format Version 12.00
# Visual Studio 2013
VisualStudioVersion = 12.0.21005.1
MinimumVisualStudioVersion = 10.0.40219.1
Project("{FAE04EC0-301F-11D3-BF4B-00C04F79EFBC}") = "Aquifer", "Aquifer\Aquifer.csproj", "{DC1BBA16-9A25-4953-BBEC-63B7FC70F079}"
EndProject
Project("{FAE04EC0-301F-11D3-BF4B-00C04F79EFBC}") = "Aquifer.Test", "Aquifer.Test\Aquifer.Test.csproj", "{2BE63711-3CCC-4E1F-BDC0-C8FA020C918C}"
EndProject
Global
	GlobalSection(SolutionConfigurationPlatforms) = preSolution
		Debug|Any CPU = Debug|Any CPU
		Release|Any CPU = Release|Any CPU
	EndGlobalSection
	GlobalSection(ProjectConfigurationPlatforms) = postSolution
		{DC1BBA16-9A25-4953-BBEC-63B7FC70F079}.Debug|Any CPU.ActiveCfg = Debug|Any CPU
		{DC1BBA16-9A25-4953-BBEC-63B7FC70F079}.Debug|Any CPU.Build.0 = Debug|Any CPU
		{DC1BBA16-9A25-4953-BBEC-63B7FC70F079}.Release|Any CPU.ActiveCfg = Release|Any CPU
		{DC1BBA16-9A25-4953-BBEC-63B7FC70F079}.Release|Any CPU.Build.0 = Release|Any CPU
		{2BE63711-3CCC-4E1F-BDC0-C8FA020C918C}.Debug|Any CPU.ActiveCfg = Debug|Any CPU
		{2BE63711-3CCC-4E1F-BDC0-C8FA020C918C}.Debug|Any CPU.Build.0 = Debug|Any CPU
		{2BE63711-3CCC-4E1F-BDC0-C8FA020C918C}.Release|Any CPU.ActiveCfg = Release|Any CPU
		{2BE63711-3CCC-4E1F-BDC0-C8FA020C918C}.Release|Any CPU.Build.0 = Release|Any CPU
	EndGlobalSection
	GlobalSection(SolutionProperties) = preSolution
		HideSolutionNode = FALSE
	EndGlobalSection
EndGlobal
